
Microsoft Visual Studio Solution File, Format Version 12.00
# Visual Studio Version 16
VisualStudioVersion = 16.0.30320.27
MinimumVisualStudioVersion = 10.0.40219.1
Project("{9A19103F-16F7-4668-BE54-9A1E7A4F7556}") = "StringManipulator", "StringManipulator\StringManipulator.csproj", "{D837E106-447B-4DBF-B123-6B5FCF9B4A68}"
EndProject
Project("{9A19103F-16F7-4668-BE54-9A1E7A4F7556}") = "Playground", "Playground\Playground.csproj", "{B296DC5D-47A9-44DF-8DF9-64ECD01E7BCF}"
EndProject
Project("{9A19103F-16F7-4668-BE54-9A1E7A4F7556}") = "StringManipulatorTests", "StringManipulatorTests\StringManipulatorTests.csproj", "{D0735A24-D323-4E79-BF93-5E48F0FF052B}"
EndProject
Global
	GlobalSection(SolutionConfigurationPlatforms) = preSolution
		Debug|Any CPU = Debug|Any CPU
		Release|Any CPU = Release|Any CPU
	EndGlobalSection
	GlobalSection(ProjectConfigurationPlatforms) = postSolution
		{D837E106-447B-4DBF-B123-6B5FCF9B4A68}.Debug|Any CPU.ActiveCfg = Debug|Any CPU
		{D837E106-447B-4DBF-B123-6B5FCF9B4A68}.Debug|Any CPU.Build.0 = Debug|Any CPU
		{D837E106-447B-4DBF-B123-6B5FCF9B4A68}.Release|Any CPU.ActiveCfg = Release|Any CPU
		{D837E106-447B-4DBF-B123-6B5FCF9B4A68}.Release|Any CPU.Build.0 = Release|Any CPU
		{B296DC5D-47A9-44DF-8DF9-64ECD01E7BCF}.Debug|Any CPU.ActiveCfg = Debug|Any CPU
		{B296DC5D-47A9-44DF-8DF9-64ECD01E7BCF}.Debug|Any CPU.Build.0 = Debug|Any CPU
		{B296DC5D-47A9-44DF-8DF9-64ECD01E7BCF}.Release|Any CPU.ActiveCfg = Release|Any CPU
		{B296DC5D-47A9-44DF-8DF9-64ECD01E7BCF}.Release|Any CPU.Build.0 = Release|Any CPU
		{D0735A24-D323-4E79-BF93-5E48F0FF052B}.Debug|Any CPU.ActiveCfg = Debug|Any CPU
		{D0735A24-D323-4E79-BF93-5E48F0FF052B}.Debug|Any CPU.Build.0 = Debug|Any CPU
		{D0735A24-D323-4E79-BF93-5E48F0FF052B}.Release|Any CPU.ActiveCfg = Release|Any CPU
		{D0735A24-D323-4E79-BF93-5E48F0FF052B}.Release|Any CPU.Build.0 = Release|Any CPU
	EndGlobalSection
	GlobalSection(SolutionProperties) = preSolution
		HideSolutionNode = FALSE
	EndGlobalSection
	GlobalSection(ExtensibilityGlobals) = postSolution
		SolutionGuid = {4106F857-81B2-493C-B1DB-763563737CA7}
	EndGlobalSection
EndGlobal
